4ce2a7757b668070f42fc515c6ed8bb46385bd0f
c2503a828731e8936a14a2022fbcbfca58981654
17b9d54a2b751bb300b4531a5a162913d561d93b
d6179661e30a80d696f8257520aa4acc26e9a54c
01c6749ff3ef0e2ca1a24f63971eb27dc9421bb2
83423f34b3f96b88321bfcd76a76ad854b485d5c
9e4510f2c19bc6d66856d5be8bf4dc6e0c9355be
f59855de574b071fe3c48afa9bbca1d500330ce8
c52cc9747fbe26f64038464a18dcef4d9d0c6bdd